
Microsoft Visual Studio Solution File, Format Version 12.00
# Visual Studio Version 16
VisualStudioVersion = 16.0.29411.108
MinimumVisualStudioVersion = 10.0.40219.1
Project("{8BC9CEB8-8B4A-11D0-8D11-00A0C91BC942}") = "Game", "Game\Game.vcxproj", "{9426BF5B-A0A8-48EB-9E45-DA9BBB4276F2}"
	ProjectSection(ProjectDependencies) = postProject
		{11F98BF6-7BDB-4CFB-96CF-577DB4AE312F} = {11F98BF6-7BDB-4CFB-96CF-577DB4AE312F}
	EndProjectSection
EndProject
Project("{8BC9CEB8-8B4A-11D0-8D11-00A0C91BC942}") = "Launcher", "Launcher\Launcher.vcxproj", "{0290BA1A-80E5-4697-96F3-B71216F1F0DF}"
	ProjectSection(ProjectDependencies) = postProject
		{9426BF5B-A0A8-48EB-9E45-DA9BBB4276F2} = {9426BF5B-A0A8-48EB-9E45-DA9BBB4276F2}
	EndProjectSection
EndProject
Project("{2150E333-8FDC-42A3-9474-1A3956D46DE8}") = "Tutorial", "Tutorial", "{57F94FCA-B695-4876-B114-5E827325E830}"
EndProject
Project("{8BC9CEB8-8B4A-11D0-8D11-00A0C91BC942}") = "Tutorial1Init", "Tutorials\Tutorial1Init\Tutorial1Init.vcxproj", "{52D6E1B6-6008-48D9-9BDE-DDBC60005022}"
EndProject
Project("{8BC9CEB8-8B4A-11D0-8D11-00A0C91BC942}") = "Tutorial2Sprite", "Tutorials\Tutorial2Sprite\Tutorial2Sprite.vcxproj", "{45711CA4-F797-4F18-95C4-CC864B26C05E}"
EndProject
Project("{8BC9CEB8-8B4A-11D0-8D11-00A0C91BC942}") = "Tutorial10Customshader", "Tutorials\Tutorial10Customshader\Tutorial10Customshader.vcxproj", "{881ABAA8-3337-4FD6-84F8-0B8680374E25}"
EndProject
Project("{8BC9CEB8-8B4A-11D0-8D11-00A0C91BC942}") = "Tutorial3Spritebatch", "Tutorials\Tutorial3SpriteBatch\Tutorial3Spritebatch.vcxproj", "{64958E32-B139-4D71-BCB8-DF0035CC69ED}"
EndProject
Project("{8BC9CEB8-8B4A-11D0-8D11-00A0C91BC942}") = "Tutorial4Text", "Tutorials\Tutorial4Text\Tutorial4Text.vcxproj", "{207EACE1-41C1-4CD3-8272-9E3699EA07DA}"
	ProjectSection(ProjectDependencies) = postProject
		{48D5FD9A-B278-4ACB-8CD7-23ECF9654A87} = {48D5FD9A-B278-4ACB-8CD7-23ECF9654A87}
	EndProjectSection
EndProject
Project("{8BC9CEB8-8B4A-11D0-8D11-00A0C91BC942}") = "_TutorialCommon", "Tutorials\TutorialCommon\TutorialCommon.vcxproj", "{48D5FD9A-B278-4ACB-8CD7-23ECF9654A87}"
EndProject
Project("{8BC9CEB8-8B4A-11D0-8D11-00A0C91BC942}") = "Tutorial5Light", "Tutorials\Tutorial5Light\Tutorial5Light.vcxproj", "{37144928-B2AD-4B0D-A1AF-82F1BB53B73C}"
EndProject
Project("{8BC9CEB8-8B4A-11D0-8D11-00A0C91BC942}") = "Tutorial6CustomShapes", "Tutorials\Tutorial6CustomShapes\Tutorial6CustomShapes.vcxproj", "{63D7FE2B-E37D-4B1F-858B-5CD93AC599D2}"
EndProject
Project("{8BC9CEB8-8B4A-11D0-8D11-00A0C91BC942}") = "Tutorial7RenderTarget", "Tutorials\Tutorial7RenderTarget\Tutorial7RenderTarget.vcxproj", "{DDE1F1F4-AC15-4D86-B58E-39ABB5995FC3}"
EndProject
Project("{8BC9CEB8-8B4A-11D0-8D11-00A0C91BC942}") = "Tutorial8Debug", "Tutorials\Tutorial8Debug\Tutorial8Debug.vcxproj", "{55EF68B4-1A08-4E40-B41B-AC8631C3D78A}"
EndProject
Project("{8BC9CEB8-8B4A-11D0-8D11-00A0C91BC942}") = "Tutorial9Spritesheets", "Tutorials\Tutorial9Spritesheets\Tutorial9Spritesheets.vcxproj", "{FB963D52-500D-4EE8-8E4B-752D030E1540}"
EndProject
Project("{8BC9CEB8-8B4A-11D0-8D11-00A0C91BC942}") = "Tutorial12Audio", "Tutorials\Tutorial12Audio\Tutorial12Audio.vcxproj", "{2506E145-2916-4364-962C-B1F7182D7FDB}"
EndProject
Project("{8BC9CEB8-8B4A-11D0-8D11-00A0C91BC942}") = "Tutorial13Gamepad", "Tutorials\Tutorial13Gamepad\Tutorial13Gamepad.vcxproj", "{0BF764CB-61CC-4407-B51A-C15F2673EBF2}"
EndProject
Project("{8BC9CEB8-8B4A-11D0-8D11-00A0C91BC942}") = "Tutorial14Threading", "Tutorials\Tutorial14Threading\Tutorial14Threading.vcxproj", "{F0AC8EE8-F2C5-40B9-8145-4D6009CF27BB}"
EndProject
Project("{8BC9CEB8-8B4A-11D0-8D11-00A0C91BC942}") = "TGA2D", "tga2dcore\tga2dcore.vcxproj", "{11F98BF6-7BDB-4CFB-96CF-577DB4AE312F}"
EndProject
Project("{8BC9CEB8-8B4A-11D0-8D11-00A0C91BC942}") = "Tutorial11SkinnedAnimation", "Tutorials\Tutorial11SkinnedAnimation\Tutorial11SkinnedAnimation.vcxproj", "{12F38F43-60F2-407F-8A24-78A98CE74AE3}"
EndProject
Project("{8BC9CEB8-8B4A-11D0-8D11-00A0C91BC942}") = "Tutorial15Imgui", "Tutorials\Tutorial15Imgui\Tutorial15Imgui.vcxproj", "{8A757CF6-3156-407D-939C-451340EF05DC}"
EndProject
Global
	GlobalSection(SolutionConfigurationPlatforms) = preSolution
		Debug|x64 = Debug|x64
		Debug|x86 = Debug|x86
		Release|x64 = Release|x64
		Release|x86 = Release|x86
		Retail|x64 = Retail|x64
		Retail|x86 = Retail|x86
	EndGlobalSection
	GlobalSection(ProjectConfigurationPlatforms) = postSolution
		{9426BF5B-A0A8-48EB-9E45-DA9BBB4276F2}.Debug|x64.ActiveCfg = Debug|x64
		{9426BF5B-A0A8-48EB-9E45-DA9BBB4276F2}.Debug|x64.Build.0 = Debug|x64
		{9426BF5B-A0A8-48EB-9E45-DA9BBB4276F2}.Debug|x86.ActiveCfg = Debug|x64
		{9426BF5B-A0A8-48EB-9E45-DA9BBB4276F2}.Release|x64.ActiveCfg = Release|x64
		{9426BF5B-A0A8-48EB-9E45-DA9BBB4276F2}.Release|x64.Build.0 = Release|x64
		{9426BF5B-A0A8-48EB-9E45-DA9BBB4276F2}.Release|x86.ActiveCfg = Release|x64
		{9426BF5B-A0A8-48EB-9E45-DA9BBB4276F2}.Retail|x64.ActiveCfg = Retail|x64
		{9426BF5B-A0A8-48EB-9E45-DA9BBB4276F2}.Retail|x64.Build.0 = Retail|x64
		{9426BF5B-A0A8-48EB-9E45-DA9BBB4276F2}.Retail|x86.ActiveCfg = Retail|x64
		{0290BA1A-80E5-4697-96F3-B71216F1F0DF}.Debug|x64.ActiveCfg = Debug|x64
		{0290BA1A-80E5-4697-96F3-B71216F1F0DF}.Debug|x64.Build.0 = Debug|x64
		{0290BA1A-80E5-4697-96F3-B71216F1F0DF}.Debug|x86.ActiveCfg = Debug|x64
		{0290BA1A-80E5-4697-96F3-B71216F1F0DF}.Release|x64.ActiveCfg = Release|x64
		{0290BA1A-80E5-4697-96F3-B71216F1F0DF}.Release|x64.Build.0 = Release|x64
		{0290BA1A-80E5-4697-96F3-B71216F1F0DF}.Release|x86.ActiveCfg = Release|x64
		{0290BA1A-80E5-4697-96F3-B71216F1F0DF}.Retail|x64.ActiveCfg = Retail|x64
		{0290BA1A-80E5-4697-96F3-B71216F1F0DF}.Retail|x64.Build.0 = Retail|x64
		{0290BA1A-80E5-4697-96F3-B71216F1F0DF}.Retail|x86.ActiveCfg = Retail|x64
		{52D6E1B6-6008-48D9-9BDE-DDBC60005022}.Debug|x64.ActiveCfg = Debug|x64
		{52D6E1B6-6008-48D9-9BDE-DDBC60005022}.Debug|x64.Build.0 = Debug|x64
		{52D6E1B6-6008-48D9-9BDE-DDBC60005022}.Debug|x86.ActiveCfg = Debug|x64
		{52D6E1B6-6008-48D9-9BDE-DDBC60005022}.Release|x64.ActiveCfg = Release|x64
		{52D6E1B6-6008-48D9-9BDE-DDBC60005022}.Release|x64.Build.0 = Release|x64
		{52D6E1B6-6008-48D9-9BDE-DDBC60005022}.Release|x86.ActiveCfg = Release|x64
		{52D6E1B6-6008-48D9-9BDE-DDBC60005022}.Retail|x64.ActiveCfg = Retail|x64
		{52D6E1B6-6008-48D9-9BDE-DDBC60005022}.Retail|x64.Build.0 = Retail|x64
		{52D6E1B6-6008-48D9-9BDE-DDBC60005022}.Retail|x86.ActiveCfg = Release|x64
		{52D6E1B6-6008-48D9-9BDE-DDBC60005022}.Retail|x86.Build.0 = Release|x64
		{45711CA4-F797-4F18-95C4-CC864B26C05E}.Debug|x64.ActiveCfg = Debug|x64
		{45711CA4-F797-4F18-95C4-CC864B26C05E}.Debug|x64.Build.0 = Debug|x64
		{45711CA4-F797-4F18-95C4-CC864B26C05E}.Debug|x86.ActiveCfg = Debug|x64
		{45711CA4-F797-4F18-95C4-CC864B26C05E}.Release|x64.ActiveCfg = Release|x64
		{45711CA4-F797-4F18-95C4-CC864B26C05E}.Release|x64.Build.0 = Release|x64
		{45711CA4-F797-4F18-95C4-CC864B26C05E}.Release|x86.ActiveCfg = Release|x64
		{45711CA4-F797-4F18-95C4-CC864B26C05E}.Retail|x64.ActiveCfg = Retail|x64
		{45711CA4-F797-4F18-95C4-CC864B26C05E}.Retail|x64.Build.0 = Retail|x64
		{45711CA4-F797-4F18-95C4-CC864B26C05E}.Retail|x86.ActiveCfg = Release|x64
		{45711CA4-F797-4F18-95C4-CC864B26C05E}.Retail|x86.Build.0 = Release|x64
		{881ABAA8-3337-4FD6-84F8-0B8680374E25}.Debug|x64.ActiveCfg = Debug|x64
		{881ABAA8-3337-4FD6-84F8-0B8680374E25}.Debug|x64.Build.0 = Debug|x64
		{881ABAA8-3337-4FD6-84F8-0B8680374E25}.Debug|x86.ActiveCfg = Debug|x64
		{881ABAA8-3337-4FD6-84F8-0B8680374E25}.Release|x64.ActiveCfg = Release|x64
		{881ABAA8-3337-4FD6-84F8-0B8680374E25}.Release|x64.Build.0 = Release|x64
		{881ABAA8-3337-4FD6-84F8-0B8680374E25}.Release|x86.ActiveCfg = Release|x64
		{881ABAA8-3337-4FD6-84F8-0B8680374E25}.Retail|x64.ActiveCfg = Retail|x64
		{881ABAA8-3337-4FD6-84F8-0B8680374E25}.Retail|x64.Build.0 = Retail|x64
		{881ABAA8-3337-4FD6-84F8-0B8680374E25}.Retail|x86.ActiveCfg = Release|x64
		{881ABAA8-3337-4FD6-84F8-0B8680374E25}.Retail|x86.Build.0 = Release|x64
		{64958E32-B139-4D71-BCB8-DF0035CC69ED}.Debug|x64.ActiveCfg = Debug|x64
		{64958E32-B139-4D71-BCB8-DF0035CC69ED}.Debug|x64.Build.0 = Debug|x64
		{64958E32-B139-4D71-BCB8-DF0035CC69ED}.Debug|x86.ActiveCfg = Debug|x64
		{64958E32-B139-4D71-BCB8-DF0035CC69ED}.Release|x64.ActiveCfg = Release|x64
		{64958E32-B139-4D71-BCB8-DF0035CC69ED}.Release|x64.Build.0 = Release|x64
		{64958E32-B139-4D71-BCB8-DF0035CC69ED}.Release|x86.ActiveCfg = Release|x64
		{64958E32-B139-4D71-BCB8-DF0035CC69ED}.Retail|x64.ActiveCfg = Retail|x64
		{64958E32-B139-4D71-BCB8-DF0035CC69ED}.Retail|x64.Build.0 = Retail|x64
		{64958E32-B139-4D71-BCB8-DF0035CC69ED}.Retail|x86.ActiveCfg = Release|x64
		{64958E32-B139-4D71-BCB8-DF0035CC69ED}.Retail|x86.Build.0 = Release|x64
		{207EACE1-41C1-4CD3-8272-9E3699EA07DA}.Debug|x64.ActiveCfg = Debug|x64
		{207EACE1-41C1-4CD3-8272-9E3699EA07DA}.Debug|x64.Build.0 = Debug|x64
		{207EACE1-41C1-4CD3-8272-9E3699EA07DA}.Debug|x86.ActiveCfg = Debug|x64
		{207EACE1-41C1-4CD3-8272-9E3699EA07DA}.Release|x64.ActiveCfg = Release|x64
		{207EACE1-41C1-4CD3-8272-9E3699EA07DA}.Release|x64.Build.0 = Release|x64
		{207EACE1-41C1-4CD3-8272-9E3699EA07DA}.Release|x86.ActiveCfg = Release|x64
		{207EACE1-41C1-4CD3-8272-9E3699EA07DA}.Retail|x64.ActiveCfg = Retail|x64
		{207EACE1-41C1-4CD3-8272-9E3699EA07DA}.Retail|x64.Build.0 = Retail|x64
		{207EACE1-41C1-4CD3-8272-9E3699EA07DA}.Retail|x86.ActiveCfg = Release|x64
		{207EACE1-41C1-4CD3-8272-9E3699EA07DA}.Retail|x86.Build.0 = Release|x64
		{48D5FD9A-B278-4ACB-8CD7-23ECF9654A87}.Debug|x64.ActiveCfg = Debug|x64
		{48D5FD9A-B278-4ACB-8CD7-23ECF9654A87}.Debug|x64.Build.0 = Debug|x64
		{48D5FD9A-B278-4ACB-8CD7-23ECF9654A87}.Debug|x86.ActiveCfg = Debug|x64
		{48D5FD9A-B278-4ACB-8CD7-23ECF9654A87}.Release|x64.ActiveCfg = Release|x64
		{48D5FD9A-B278-4ACB-8CD7-23ECF9654A87}.Release|x64.Build.0 = Release|x64
		{48D5FD9A-B278-4ACB-8CD7-23ECF9654A87}.Release|x86.ActiveCfg = Release|x64
		{48D5FD9A-B278-4ACB-8CD7-23ECF9654A87}.Retail|x64.ActiveCfg = Release|x64
		{48D5FD9A-B278-4ACB-8CD7-23ECF9654A87}.Retail|x64.Build.0 = Release|x64
		{48D5FD9A-B278-4ACB-8CD7-23ECF9654A87}.Retail|x86.ActiveCfg = Release|x64
		{48D5FD9A-B278-4ACB-8CD7-23ECF9654A87}.Retail|x86.Build.0 = Release|x64
		{37144928-B2AD-4B0D-A1AF-82F1BB53B73C}.Debug|x64.ActiveCfg = Debug|x64
		{37144928-B2AD-4B0D-A1AF-82F1BB53B73C}.Debug|x64.Build.0 = Debug|x64
		{37144928-B2AD-4B0D-A1AF-82F1BB53B73C}.Debug|x86.ActiveCfg = Debug|x64
		{37144928-B2AD-4B0D-A1AF-82F1BB53B73C}.Release|x64.ActiveCfg = Release|x64
		{37144928-B2AD-4B0D-A1AF-82F1BB53B73C}.Release|x64.Build.0 = Release|x64
		{37144928-B2AD-4B0D-A1AF-82F1BB53B73C}.Release|x86.ActiveCfg = Release|x64
		{37144928-B2AD-4B0D-A1AF-82F1BB53B73C}.Retail|x64.ActiveCfg = Retail|x64
		{37144928-B2AD-4B0D-A1AF-82F1BB53B73C}.Retail|x64.Build.0 = Retail|x64
		{37144928-B2AD-4B0D-A1AF-82F1BB53B73C}.Retail|x86.ActiveCfg = Release|x64
		{37144928-B2AD-4B0D-A1AF-82F1BB53B73C}.Retail|x86.Build.0 = Release|x64
		{63D7FE2B-E37D-4B1F-858B-5CD93AC599D2}.Debug|x64.ActiveCfg = Debug|x64
		{63D7FE2B-E37D-4B1F-858B-5CD93AC599D2}.Debug|x64.Build.0 = Debug|x64
		{63D7FE2B-E37D-4B1F-858B-5CD93AC599D2}.Debug|x86.ActiveCfg = Debug|x64
		{63D7FE2B-E37D-4B1F-858B-5CD93AC599D2}.Release|x64.ActiveCfg = Release|x64
		{63D7FE2B-E37D-4B1F-858B-5CD93AC599D2}.Release|x64.Build.0 = Release|x64
		{63D7FE2B-E37D-4B1F-858B-5CD93AC599D2}.Release|x86.ActiveCfg = Release|x64
		{63D7FE2B-E37D-4B1F-858B-5CD93AC599D2}.Retail|x64.ActiveCfg = Retail|x64
		{63D7FE2B-E37D-4B1F-858B-5CD93AC599D2}.Retail|x64.Build.0 = Retail|x64
		{63D7FE2B-E37D-4B1F-858B-5CD93AC599D2}.Retail|x86.ActiveCfg = Release|x64
		{63D7FE2B-E37D-4B1F-858B-5CD93AC599D2}.Retail|x86.Build.0 = Release|x64
		{DDE1F1F4-AC15-4D86-B58E-39ABB5995FC3}.Debug|x64.ActiveCfg = Debug|x64
		{DDE1F1F4-AC15-4D86-B58E-39ABB5995FC3}.Debug|x64.Build.0 = Debug|x64
		{DDE1F1F4-AC15-4D86-B58E-39ABB5995FC3}.Debug|x86.ActiveCfg = Debug|x64
		{DDE1F1F4-AC15-4D86-B58E-39ABB5995FC3}.Release|x64.ActiveCfg = Release|x64
		{DDE1F1F4-AC15-4D86-B58E-39ABB5995FC3}.Release|x64.Build.0 = Release|x64
		{DDE1F1F4-AC15-4D86-B58E-39ABB5995FC3}.Release|x86.ActiveCfg = Release|x64
		{DDE1F1F4-AC15-4D86-B58E-39ABB5995FC3}.Retail|x64.ActiveCfg = Retail|x64
		{DDE1F1F4-AC15-4D86-B58E-39ABB5995FC3}.Retail|x64.Build.0 = Retail|x64
		{DDE1F1F4-AC15-4D86-B58E-39ABB5995FC3}.Retail|x86.ActiveCfg = Release|x64
		{DDE1F1F4-AC15-4D86-B58E-39ABB5995FC3}.Retail|x86.Build.0 = Release|x64
		{55EF68B4-1A08-4E40-B41B-AC8631C3D78A}.Debug|x64.ActiveCfg = Debug|x64
		{55EF68B4-1A08-4E40-B41B-AC8631C3D78A}.Debug|x64.Build.0 = Debug|x64
		{55EF68B4-1A08-4E40-B41B-AC8631C3D78A}.Debug|x86.ActiveCfg = Debug|x64
		{55EF68B4-1A08-4E40-B41B-AC8631C3D78A}.Release|x64.ActiveCfg = Release|x64
		{55EF68B4-1A08-4E40-B41B-AC8631C3D78A}.Release|x64.Build.0 = Release|x64
		{55EF68B4-1A08-4E40-B41B-AC8631C3D78A}.Release|x86.ActiveCfg = Release|x64
		{55EF68B4-1A08-4E40-B41B-AC8631C3D78A}.Retail|x64.ActiveCfg = Retail|x64
		{55EF68B4-1A08-4E40-B41B-AC8631C3D78A}.Retail|x64.Build.0 = Retail|x64
		{55EF68B4-1A08-4E40-B41B-AC8631C3D78A}.Retail|x86.ActiveCfg = Release|x64
		{55EF68B4-1A08-4E40-B41B-AC8631C3D78A}.Retail|x86.Build.0 = Release|x64
		{FB963D52-500D-4EE8-8E4B-752D030E1540}.Debug|x64.ActiveCfg = Debug|x64
		{FB963D52-500D-4EE8-8E4B-752D030E1540}.Debug|x64.Build.0 = Debug|x64
		{FB963D52-500D-4EE8-8E4B-752D030E1540}.Debug|x86.ActiveCfg = Debug|x64
		{FB963D52-500D-4EE8-8E4B-752D030E1540}.Release|x64.ActiveCfg = Release|x64
		{FB963D52-500D-4EE8-8E4B-752D030E1540}.Release|x64.Build.0 = Release|x64
		{FB963D52-500D-4EE8-8E4B-752D030E1540}.Release|x86.ActiveCfg = Release|x64
		{FB963D52-500D-4EE8-8E4B-752D030E1540}.Retail|x64.ActiveCfg = Retail|x64
		{FB963D52-500D-4EE8-8E4B-752D030E1540}.Retail|x64.Build.0 = Retail|x64
		{FB963D52-500D-4EE8-8E4B-752D030E1540}.Retail|x86.ActiveCfg = Release|x64
		{FB963D52-500D-4EE8-8E4B-752D030E1540}.Retail|x86.Build.0 = Release|x64
		{2506E145-2916-4364-962C-B1F7182D7FDB}.Debug|x64.ActiveCfg = Debug|x64
		{2506E145-2916-4364-962C-B1F7182D7FDB}.Debug|x64.Build.0 = Debug|x64
		{2506E145-2916-4364-962C-B1F7182D7FDB}.Debug|x86.ActiveCfg = Debug|x64
		{2506E145-2916-4364-962C-B1F7182D7FDB}.Release|x64.ActiveCfg = Release|x64
		{2506E145-2916-4364-962C-B1F7182D7FDB}.Release|x64.Build.0 = Release|x64
		{2506E145-2916-4364-962C-B1F7182D7FDB}.Release|x86.ActiveCfg = Release|x64
		{2506E145-2916-4364-962C-B1F7182D7FDB}.Retail|x64.ActiveCfg = Retail|x64
		{2506E145-2916-4364-962C-B1F7182D7FDB}.Retail|x64.Build.0 = Retail|x64
		{2506E145-2916-4364-962C-B1F7182D7FDB}.Retail|x86.ActiveCfg = Release|x64
		{2506E145-2916-4364-962C-B1F7182D7FDB}.Retail|x86.Build.0 = Release|x64
		{0BF764CB-61CC-4407-B51A-C15F2673EBF2}.Debug|x64.ActiveCfg = Debug|x64
		{0BF764CB-61CC-4407-B51A-C15F2673EBF2}.Debug|x64.Build.0 = Debug|x64
		{0BF764CB-61CC-4407-B51A-C15F2673EBF2}.Debug|x86.ActiveCfg = Debug|x64
		{0BF764CB-61CC-4407-B51A-C15F2673EBF2}.Release|x64.ActiveCfg = Release|x64
		{0BF764CB-61CC-4407-B51A-C15F2673EBF2}.Release|x64.Build.0 = Release|x64
		{0BF764CB-61CC-4407-B51A-C15F2673EBF2}.Release|x86.ActiveCfg = Release|x64
		{0BF764CB-61CC-4407-B51A-C15F2673EBF2}.Retail|x64.ActiveCfg = Retail|x64
		{0BF764CB-61CC-4407-B51A-C15F2673EBF2}.Retail|x64.Build.0 = Retail|x64
		{0BF764CB-61CC-4407-B51A-C15F2673EBF2}.Retail|x86.ActiveCfg = Release|x64
		{0BF764CB-61CC-4407-B51A-C15F2673EBF2}.Retail|x86.Build.0 = Release|x64
		{F0AC8EE8-F2C5-40B9-8145-4D6009CF27BB}.Debug|x64.ActiveCfg = Debug|x64
		{F0AC8EE8-F2C5-40B9-8145-4D6009CF27BB}.Debug|x64.Build.0 = Debug|x64
		{F0AC8EE8-F2C5-40B9-8145-4D6009CF27BB}.Debug|x86.ActiveCfg = Debug|x64
		{F0AC8EE8-F2C5-40B9-8145-4D6009CF27BB}.Release|x64.ActiveCfg = Release|x64
		{F0AC8EE8-F2C5-40B9-8145-4D6009CF27BB}.Release|x64.Build.0 = Release|x64
		{F0AC8EE8-F2C5-40B9-8145-4D6009CF27BB}.Release|x86.ActiveCfg = Release|x64
		{F0AC8EE8-F2C5-40B9-8145-4D6009CF27BB}.Retail|x64.ActiveCfg = Retail|x64
		{F0AC8EE8-F2C5-40B9-8145-4D6009CF27BB}.Retail|x64.Build.0 = Retail|x64
		{F0AC8EE8-F2C5-40B9-8145-4D6009CF27BB}.Retail|x86.ActiveCfg = Release|x64
		{F0AC8EE8-F2C5-40B9-8145-4D6009CF27BB}.Retail|x86.Build.0 = Release|x64
		{11F98BF6-7BDB-4CFB-96CF-577DB4AE312F}.Debug|x64.ActiveCfg = Debug|x64
		{11F98BF6-7BDB-4CFB-96CF-577DB4AE312F}.Debug|x64.Build.0 = Debug|x64
		{11F98BF6-7BDB-4CFB-96CF-577DB4AE312F}.Debug|x86.ActiveCfg = Debug|x64
		{11F98BF6-7BDB-4CFB-96CF-577DB4AE312F}.Release|x64.ActiveCfg = Release|x64
		{11F98BF6-7BDB-4CFB-96CF-577DB4AE312F}.Release|x64.Build.0 = Release|x64
		{11F98BF6-7BDB-4CFB-96CF-577DB4AE312F}.Release|x86.ActiveCfg = Release|x64
		{11F98BF6-7BDB-4CFB-96CF-577DB4AE312F}.Retail|x64.ActiveCfg = Retail|x64
		{11F98BF6-7BDB-4CFB-96CF-577DB4AE312F}.Retail|x64.Build.0 = Retail|x64
		{11F98BF6-7BDB-4CFB-96CF-577DB4AE312F}.Retail|x86.ActiveCfg = Retail|x64
		{12F38F43-60F2-407F-8A24-78A98CE74AE3}.Debug|x64.ActiveCfg = Debug|x64
		{12F38F43-60F2-407F-8A24-78A98CE74AE3}.Debug|x64.Build.0 = Debug|x64
		{12F38F43-60F2-407F-8A24-78A98CE74AE3}.Debug|x86.ActiveCfg = Debug|Win32
		{12F38F43-60F2-407F-8A24-78A98CE74AE3}.Debug|x86.Build.0 = Debug|Win32
		{12F38F43-60F2-407F-8A24-78A98CE74AE3}.Release|x64.ActiveCfg = Release|x64
		{12F38F43-60F2-407F-8A24-78A98CE74AE3}.Release|x64.Build.0 = Release|x64
		{12F38F43-60F2-407F-8A24-78A98CE74AE3}.Release|x86.ActiveCfg = Release|Win32
		{12F38F43-60F2-407F-8A24-78A98CE74AE3}.Release|x86.Build.0 = Release|Win32
		{12F38F43-60F2-407F-8A24-78A98CE74AE3}.Retail|x64.ActiveCfg = Retail|x64
		{12F38F43-60F2-407F-8A24-78A98CE74AE3}.Retail|x64.Build.0 = Retail|x64
		{12F38F43-60F2-407F-8A24-78A98CE74AE3}.Retail|x86.ActiveCfg = Release|Win32
		{12F38F43-60F2-407F-8A24-78A98CE74AE3}.Retail|x86.Build.0 = Release|Win32
		{8A757CF6-3156-407D-939C-451340EF05DC}.Debug|x64.ActiveCfg = Debug|x64
		{8A757CF6-3156-407D-939C-451340EF05DC}.Debug|x64.Build.0 = Debug|x64
		{8A757CF6-3156-407D-939C-451340EF05DC}.Debug|x86.ActiveCfg = Debug|x64
		{8A757CF6-3156-407D-939C-451340EF05DC}.Release|x64.ActiveCfg = Release|x64
		{8A757CF6-3156-407D-939C-451340EF05DC}.Release|x64.Build.0 = Release|x64
		{8A757CF6-3156-407D-939C-451340EF05DC}.Release|x86.ActiveCfg = Release|x64
		{8A757CF6-3156-407D-939C-451340EF05DC}.Retail|x64.ActiveCfg = Retail|x64
		{8A757CF6-3156-407D-939C-451340EF05DC}.Retail|x64.Build.0 = Retail|x64
		{8A757CF6-3156-407D-939C-451340EF05DC}.Retail|x86.ActiveCfg = Release|x64
		{8A757CF6-3156-407D-939C-451340EF05DC}.Retail|x86.Build.0 = Release|x64
	EndGlobalSection
	GlobalSection(SolutionProperties) = preSolution
		HideSolutionNode = FALSE
	EndGlobalSection
	GlobalSection(NestedProjects) = preSolution
		{52D6E1B6-6008-48D9-9BDE-DDBC60005022} = {57F94FCA-B695-4876-B114-5E827325E830}
		{45711CA4-F797-4F18-95C4-CC864B26C05E} = {57F94FCA-B695-4876-B114-5E827325E830}
		{881ABAA8-3337-4FD6-84F8-0B8680374E25} = {57F94FCA-B695-4876-B114-5E827325E830}
		{64958E32-B139-4D71-BCB8-DF0035CC69ED} = {57F94FCA-B695-4876-B114-5E827325E830}
		{207EACE1-41C1-4CD3-8272-9E3699EA07DA} = {57F94FCA-B695-4876-B114-5E827325E830}
		{48D5FD9A-B278-4ACB-8CD7-23ECF9654A87} = {57F94FCA-B695-4876-B114-5E827325E830}
		{37144928-B2AD-4B0D-A1AF-82F1BB53B73C} = {57F94FCA-B695-4876-B114-5E827325E830}
		{63D7FE2B-E37D-4B1F-858B-5CD93AC599D2} = {57F94FCA-B695-4876-B114-5E827325E830}
		{DDE1F1F4-AC15-4D86-B58E-39ABB5995FC3} = {57F94FCA-B695-4876-B114-5E827325E830}
		{55EF68B4-1A08-4E40-B41B-AC8631C3D78A} = {57F94FCA-B695-4876-B114-5E827325E830}
		{FB963D52-500D-4EE8-8E4B-752D030E1540} = {57F94FCA-B695-4876-B114-5E827325E830}
		{2506E145-2916-4364-962C-B1F7182D7FDB} = {57F94FCA-B695-4876-B114-5E827325E830}
		{0BF764CB-61CC-4407-B51A-C15F2673EBF2} = {57F94FCA-B695-4876-B114-5E827325E830}
		{F0AC8EE8-F2C5-40B9-8145-4D6009CF27BB} = {57F94FCA-B695-4876-B114-5E827325E830}
		{12F38F43-60F2-407F-8A24-78A98CE74AE3} = {57F94FCA-B695-4876-B114-5E827325E830}
		{8A757CF6-3156-407D-939C-451340EF05DC} = {57F94FCA-B695-4876-B114-5E827325E830}
	EndGlobalSection
	GlobalSection(ExtensibilityGlobals) = postSolution
		SolutionGuid = {F47BE7A8-B0C3-4F33-8641-05ABD42A63D8}
	EndGlobalSection
EndGlobal
