
Microsoft Visual Studio Solution File, Format Version 12.00
# Visual Studio Version 16
VisualStudioVersion = 16.0.30503.244
MinimumVisualStudioVersion = 10.0.40219.1
Project("{FAE04EC0-301F-11D3-BF4B-00C04F79EFBC}") = "PackingEditor", "PackingEditor.csproj", "{7E5D5462-61BC-4707-BBB8-8EF2F57F3C4B}"
EndProject
Global
	GlobalSection(SolutionConfigurationPlatforms) = preSolution
		Debug|Any CPU = Debug|Any CPU
		Release|Any CPU = Release|Any CPU
	EndGlobalSection
	GlobalSection(ProjectConfigurationPlatforms) = postSolution
		{7E5D5462-61BC-4707-BBB8-8EF2F57F3C4B}.Debug|Any CPU.ActiveCfg = Debug|Any CPU
		{7E5D5462-61BC-4707-BBB8-8EF2F57F3C4B}.Debug|Any CPU.Build.0 = Debug|Any CPU
		{7E5D5462-61BC-4707-BBB8-8EF2F57F3C4B}.Release|Any CPU.ActiveCfg = Release|Any CPU
		{7E5D5462-61BC-4707-BBB8-8EF2F57F3C4B}.Release|Any CPU.Build.0 = Release|Any CPU
	EndGlobalSection
	GlobalSection(SolutionProperties) = preSolution
		HideSolutionNode = FALSE
	EndGlobalSection
	GlobalSection(ExtensibilityGlobals) = postSolution
		SolutionGuid = {E40299B4-62AC-4B22-9D70-538FF73401A9}
	EndGlobalSection
EndGlobal
