
Microsoft Visual Studio Solution File, Format Version 12.00
# Visual Studio Version 16
VisualStudioVersion = 16.0.30503.244
MinimumVisualStudioVersion = 10.0.40219.1
Project("{FAE04EC0-301F-11D3-BF4B-00C04F79EFBC}") = "Labb 3 –Verificationtool", "Labb 3 –Verificationtool.csproj", "{D3750B05-3F5B-40DA-86AB-2385828D0A72}"
EndProject
Global
	GlobalSection(SolutionConfigurationPlatforms) = preSolution
		Debug|Any CPU = Debug|Any CPU
		Release|Any CPU = Release|Any CPU
	EndGlobalSection
	GlobalSection(ProjectConfigurationPlatforms) = postSolution
		{D3750B05-3F5B-40DA-86AB-2385828D0A72}.Debug|Any CPU.ActiveCfg = Debug|Any CPU
		{D3750B05-3F5B-40DA-86AB-2385828D0A72}.Debug|Any CPU.Build.0 = Debug|Any CPU
		{D3750B05-3F5B-40DA-86AB-2385828D0A72}.Release|Any CPU.ActiveCfg = Release|Any CPU
		{D3750B05-3F5B-40DA-86AB-2385828D0A72}.Release|Any CPU.Build.0 = Release|Any CPU
	EndGlobalSection
	GlobalSection(SolutionProperties) = preSolution
		HideSolutionNode = FALSE
	EndGlobalSection
	GlobalSection(ExtensibilityGlobals) = postSolution
		SolutionGuid = {7A09E702-8967-45FE-B6C4-22517A84042F}
	EndGlobalSection
EndGlobal
