
Microsoft Visual Studio Solution File, Format Version 12.00
# Visual Studio Version 16
VisualStudioVersion = 16.0.30523.141
MinimumVisualStudioVersion = 10.0.40219.1
Project("{FAE04EC0-301F-11D3-BF4B-00C04F79EFBC}") = "CsharpConsoleApplication_Labb01", "CsharpConsoleApplication_Labb01.csproj", "{D87CC64E-28FD-428A-84A6-3A30C98CADCC}"
EndProject
Global
	GlobalSection(SolutionConfigurationPlatforms) = preSolution
		Debug|Any CPU = Debug|Any CPU
		Release|Any CPU = Release|Any CPU
	EndGlobalSection
	GlobalSection(ProjectConfigurationPlatforms) = postSolution
		{D87CC64E-28FD-428A-84A6-3A30C98CADCC}.Debug|Any CPU.ActiveCfg = Debug|Any CPU
		{D87CC64E-28FD-428A-84A6-3A30C98CADCC}.Debug|Any CPU.Build.0 = Debug|Any CPU
		{D87CC64E-28FD-428A-84A6-3A30C98CADCC}.Release|Any CPU.ActiveCfg = Release|Any CPU
		{D87CC64E-28FD-428A-84A6-3A30C98CADCC}.Release|Any CPU.Build.0 = Release|Any CPU
	EndGlobalSection
	GlobalSection(SolutionProperties) = preSolution
		HideSolutionNode = FALSE
	EndGlobalSection
	GlobalSection(ExtensibilityGlobals) = postSolution
		SolutionGuid = {7C6F9CFC-1F4C-43D5-BDDF-81548825666E}
	EndGlobalSection
EndGlobal
